
Microsoft Visual Studio Solution File, Format Version 12.00
# Visual Studio Version 17
VisualStudioVersion = 17.10.35004.147
MinimumVisualStudioVersion = 10.0.40219.1
Project("{9A19103F-16F7-4668-BE54-9A1E7A4F7556}") = "Maruwa_Emgmt", "Maruwa_Emgmt\Maruwa_Emgmt.csproj", "{9ED34EC3-CB36-4EF1-8056-A48B7C6CCC28}"
EndProject
Global
	GlobalSection(SolutionConfigurationPlatforms) = preSolution
		Debug|Any CPU = Debug|Any CPU
		Release|Any CPU = Release|Any CPU
	EndGlobalSection
	GlobalSection(ProjectConfigurationPlatforms) = postSolution
		{9ED34EC3-CB36-4EF1-8056-A48B7C6CCC28}.Debug|Any CPU.ActiveCfg = Debug|Any CPU
		{9ED34EC3-CB36-4EF1-8056-A48B7C6CCC28}.Debug|Any CPU.Build.0 = Debug|Any CPU
		{9ED34EC3-CB36-4EF1-8056-A48B7C6CCC28}.Release|Any CPU.ActiveCfg = Release|Any CPU
		{9ED34EC3-CB36-4EF1-8056-A48B7C6CCC28}.Release|Any CPU.Build.0 = Release|Any CPU
	EndGlobalSection
	GlobalSection(SolutionProperties) = preSolution
		HideSolutionNode = FALSE
	EndGlobalSection
	GlobalSection(ExtensibilityGlobals) = postSolution
		SolutionGuid = {AD392587-F009-4737-8853-6D0395BE531E}
	EndGlobalSection
EndGlobal
